// !$*UTF8*$!
{
	archiveVersion = 1;
	classes = {
	};
	objectVersion = 46;
	objects = {

/* Begin PBXBuildFile section */
		686202C496DA91917D5E6155 /* libPods-XiaoShuoTool.a in Frameworks */ = {isa = PBXBuildFile; fileRef = D69760388ECFE20A5DD42C8B /* libPods-XiaoShuoTool.a */; };
		E803C75E1CF57793001BB402 /* main.m in Sources */ = {isa = PBXBuildFile; fileRef = E803C75D1CF57793001BB402 /* main.m */; };
		E803C7611CF57793001BB402 /* AppDelegate.m in Sources */ = {isa = PBXBuildFile; fileRef = E803C7601CF57793001BB402 /* AppDelegate.m */; };
		E803C7671CF57793001BB402 /* Main.storyboard in Resources */ = {isa = PBXBuildFile; fileRef = E803C7651CF57793001BB402 /* Main.storyboard */; };
		E803C7691CF57793001BB402 /* Assets.xcassets in Resources */ = {isa = PBXBuildFile; fileRef = E803C7681CF57793001BB402 /* Assets.xcassets */; };
		E803C76C1CF57793001BB402 /* LaunchScreen.storyboard in Resources */ = {isa = PBXBuildFile; fileRef = E803C76A1CF57793001BB402 /* LaunchScreen.storyboard */; };
		E803C7791CF58451001BB402 /* JASidePanelController.m in Sources */ = {isa = PBXBuildFile; fileRef = E803C7761CF58451001BB402 /* JASidePanelController.m */; };
		E803C77A1CF58451001BB402 /* UIViewController+JASidePanel.m in Sources */ = {isa = PBXBuildFile; fileRef = E803C7781CF58451001BB402 /* UIViewController+JASidePanel.m */; };
		E803C7831CF584EC001BB402 /* JADebugViewController.m in Sources */ = {isa = PBXBuildFile; fileRef = E803C77C1CF584EC001BB402 /* JADebugViewController.m */; };
		E803C7841CF584EC001BB402 /* JACenterViewController.m in Sources */ = {isa = PBXBuildFile; fileRef = E803C77E1CF584EC001BB402 /* JACenterViewController.m */; };
		E803C7851CF584EC001BB402 /* JALeftViewController.m in Sources */ = {isa = PBXBuildFile; fileRef = E803C7801CF584EC001BB402 /* JALeftViewController.m */; };
		E803C7861CF584EC001BB402 /* JARightViewController.m in Sources */ = {isa = PBXBuildFile; fileRef = E803C7821CF584EC001BB402 /* JARightViewController.m */; };
		E803C7891CF58E1B001BB402 /* XiaoshuoViewController.m in Sources */ = {isa = PBXBuildFile; fileRef = E803C7881CF58E1B001BB402 /* XiaoshuoViewController.m */; };
		E803C78C1CF59003001BB402 /* MainModel.m in Sources */ = {isa = PBXBuildFile; fileRef = E803C78B1CF59003001BB402 /* MainModel.m */; };
		E803C78F1CF59077001BB402 /* ToolManager.m in Sources */ = {isa = PBXBuildFile; fileRef = E803C78E1CF59077001BB402 /* ToolManager.m */; };
		E803C7BB1CF59262001BB402 /* MASCompositeConstraint.m in Sources */ = {isa = PBXBuildFile; fileRef = E803C7921CF59262001BB402 /* MASCompositeConstraint.m */; };
		E803C7BC1CF59262001BB402 /* MASConstraint.m in Sources */ = {isa = PBXBuildFile; fileRef = E803C7951CF59262001BB402 /* MASConstraint.m */; };
		E803C7BD1CF59262001BB402 /* MASConstraintMaker.m in Sources */ = {isa = PBXBuildFile; fileRef = E803C7971CF59262001BB402 /* MASConstraintMaker.m */; };
		E803C7BE1CF59262001BB402 /* MASLayoutConstraint.m in Sources */ = {isa = PBXBuildFile; fileRef = E803C7991CF59262001BB402 /* MASLayoutConstraint.m */; };
		E803C7BF1CF59262001BB402 /* MASViewAttribute.m in Sources */ = {isa = PBXBuildFile; fileRef = E803C79D1CF59262001BB402 /* MASViewAttribute.m */; };
		E803C7C01CF59262001BB402 /* MASViewConstraint.m in Sources */ = {isa = PBXBuildFile; fileRef = E803C79F1CF59262001BB402 /* MASViewConstraint.m */; };
		E803C7C11CF59262001BB402 /* NSArray+MASAdditions.m in Sources */ = {isa = PBXBuildFile; fileRef = E803C7A11CF59262001BB402 /* NSArray+MASAdditions.m */; };
		E803C7C21CF59262001BB402 /* NSLayoutConstraint+MASDebugAdditions.m in Sources */ = {isa = PBXBuildFile; fileRef = E803C7A41CF59262001BB402 /* NSLayoutConstraint+MASDebugAdditions.m */; };
		E803C7C31CF59262001BB402 /* View+MASAdditions.m in Sources */ = {isa = PBXBuildFile; fileRef = E803C7A61CF59262001BB402 /* View+MASAdditions.m */; };
		E803C7C41CF59262001BB402 /* ViewController+MASAdditions.m in Sources */ = {isa = PBXBuildFile; fileRef = E803C7A91CF59262001BB402 /* ViewController+MASAdditions.m */; };
		E803C7C51CF59262001BB402 /* MMAlertView.m in Sources */ = {isa = PBXBuildFile; fileRef = E803C7AC1CF59262001BB402 /* MMAlertView.m */; };
		E803C7C71CF59262001BB402 /* MMPopupCategory.m in Sources */ = {isa = PBXBuildFile; fileRef = E803C7B11CF59262001BB402 /* MMPopupCategory.m */; };
		E803C7C81CF59262001BB402 /* MMPopupitem.m in Sources */ = {isa = PBXBuildFile; fileRef = E803C7B41CF59262001BB402 /* MMPopupitem.m */; };
		E803C7C91CF59262001BB402 /* MMPopupView.m in Sources */ = {isa = PBXBuildFile; fileRef = E803C7B61CF59262001BB402 /* MMPopupView.m */; };
		E803C7CA1CF59262001BB402 /* MMPopupWindow.m in Sources */ = {isa = PBXBuildFile; fileRef = E803C7B81CF59262001BB402 /* MMPopupWindow.m */; };
		E803C7CB1CF59262001BB402 /* MMSheetView.m in Sources */ = {isa = PBXBuildFile; fileRef = E803C7BA1CF59262001BB402 /* MMSheetView.m */; };
		E803C7CE1CF59BDD001BB402 /* SecondViewController.m in Sources */ = {isa = PBXBuildFile; fileRef = E803C7CD1CF59BDD001BB402 /* SecondViewController.m */; };
		E803C7D11CF59C6B001BB402 /* WordModel.m in Sources */ = {isa = PBXBuildFile; fileRef = E803C7D01CF59C6B001BB402 /* WordModel.m */; };
		E803C7D41CF5A5D7001BB402 /* ThridViewController.m in Sources */ = {isa = PBXBuildFile; fileRef = E803C7D31CF5A5D7001BB402 /* ThridViewController.m */; };
		E803C7D71CF5AA52001BB402 /* WordClassModel.m in Sources */ = {isa = PBXBuildFile; fileRef = E803C7D61CF5AA52001BB402 /* WordClassModel.m */; };
		E803C7DA1CF5ADBB001BB402 /* FourViewController.m in Sources */ = {isa = PBXBuildFile; fileRef = E803C7D91CF5ADBB001BB402 /* FourViewController.m */; };
/* End PBXBuildFile section */

/* Begin PBXFileReference section */
		36BF3FD6CB5596B00F42B16D /* Pods-XiaoShuoTool.debug.xcconfig */ = {isa = PBXFileReference; includeInIndex = 1; lastKnownFileType = text.xcconfig; name = "Pods-XiaoShuoTool.debug.xcconfig"; path = "Pods/Target Support Files/Pods-XiaoShuoTool/Pods-XiaoShuoTool.debug.xcconfig"; sourceTree = "<group>"; };
		BDE428C665560CAD0D731550 /* Pods-XiaoShuoTool.release.xcconfig */ = {isa = PBXFileReference; includeInIndex = 1; lastKnownFileType = text.xcconfig; name = "Pods-XiaoShuoTool.release.xcconfig"; path = "Pods/Target Support Files/Pods-XiaoShuoTool/Pods-XiaoShuoTool.release.xcconfig"; sourceTree = "<group>"; };
		D69760388ECFE20A5DD42C8B /* libPods-XiaoShuoTool.a */ = {isa = PBXFileReference; explicitFileType = archive.ar; includeInIndex = 0; path = "libPods-XiaoShuoTool.a"; sourceTree = BUILT_PRODUCTS_DIR; };
		E803C7591CF57793001BB402 /* XiaoShuoTool.app */ = {isa = PBXFileReference; explicitFileType = wrapper.application; includeInIndex = 0; path = XiaoShuoTool.app; sourceTree = BUILT_PRODUCTS_DIR; };
		E803C75D1CF57793001BB402 /* main.m */ = {isa = PBXFileReference; lastKnownFileType = sourcecode.c.objc; path = main.m; sourceTree = "<group>"; };
		E803C75F1CF57793001BB402 /* AppDelegate.h */ = {isa = PBXFileReference; lastKnownFileType = sourcecode.c.h; path = AppDelegate.h; sourceTree = "<group>"; };
		E803C7601CF57793001BB402 /* AppDelegate.m */ = {isa = PBXFileReference; lastKnownFileType = sourcecode.c.objc; path = AppDelegate.m; sourceTree = "<group>"; };
		E803C7661CF57793001BB402 /* Base */ = {isa = PBXFileReference; lastKnownFileType = file.storyboard; name = Base; path = Base.lproj/Main.storyboard; sourceTree = "<group>"; };
		E803C7681CF57793001BB402 /* Assets.xcassets */ = {isa = PBXFileReference; lastKnownFileType = folder.assetcatalog; path = Assets.xcassets; sourceTree = "<group>"; };
		E803C76B1CF57793001BB402 /* Base */ = {isa = PBXFileReference; lastKnownFileType = file.storyboard; name = Base; path = Base.lproj/LaunchScreen.storyboard; sourceTree = "<group>"; };
		E803C76D1CF57793001BB402 /* Info.plist */ = {isa = PBXFileReference; lastKnownFileType = text.plist.xml; path = Info.plist; sourceTree = "<group>"; };
		E803C7751CF58451001BB402 /* JASidePanelController.h */ = {isa = PBXFileReference; fileEncoding = 4; lastKnownFileType = sourcecode.c.h; path = JASidePanelController.h; sourceTree = "<group>"; };
		E803C7761CF58451001BB402 /* JASidePanelController.m */ = {isa = PBXFileReference; fileEncoding = 4; lastKnownFileType = sourcecode.c.objc; path = JASidePanelController.m; sourceTree = "<group>"; };
		E803C7771CF58451001BB402 /* UIViewController+JASidePanel.h */ = {isa = PBXFileReference; fileEncoding = 4; lastKnownFileType = sourcecode.c.h; path = "UIViewController+JASidePanel.h"; sourceTree = "<group>"; };
		E803C7781CF58451001BB402 /* UIViewController+JASidePanel.m */ = {isa = PBXFileReference; fileEncoding = 4; lastKnownFileType = sourcecode.c.objc; path = "UIViewController+JASidePanel.m"; sourceTree = "<group>"; };
		E803C77B1CF584EC001BB402 /* JADebugViewController.h */ = {isa = PBXFileReference; fileEncoding = 4; lastKnownFileType = sourcecode.c.h; path = JADebugViewController.h; sourceTree = "<group>"; };
		E803C77C1CF584EC001BB402 /* JADebugViewController.m */ = {isa = PBXFileReference; fileEncoding = 4; lastKnownFileType = sourcecode.c.objc; path = JADebugViewController.m; sourceTree = "<group>"; };
		E803C77D1CF584EC001BB402 /* JACenterViewController.h */ = {isa = PBXFileReference; fileEncoding = 4; lastKnownFileType = sourcecode.c.h; path = JACenterViewController.h; sourceTree = "<group>"; };
		E803C77E1CF584EC001BB402 /* JACenterViewController.m */ = {isa = PBXFileReference; fileEncoding = 4; lastKnownFileType = sourcecode.c.objc; path = JACenterViewController.m; sourceTree = "<group>"; };
		E803C77F1CF584EC001BB402 /* JALeftViewController.h */ = {isa = PBXFileReference; fileEncoding = 4; lastKnownFileType = sourcecode.c.h; path = JALeftViewController.h; sourceTree = "<group>"; };
		E803C7801CF584EC001BB402 /* JALeftViewController.m */ = {isa = PBXFileReference; fileEncoding = 4; lastKnownFileType = sourcecode.c.objc; path = JALeftViewController.m; sourceTree = "<group>"; };
		E803C7811CF584EC001BB402 /* JARightViewController.h */ = {isa = PBXFileReference; fileEncoding = 4; lastKnownFileType = sourcecode.c.h; path = JARightViewController.h; sourceTree = "<group>"; };
		E803C7821CF584EC001BB402 /* JARightViewController.m */ = {isa = PBXFileReference; fileEncoding = 4; lastKnownFileType = sourcecode.c.objc; path = JARightViewController.m; sourceTree = "<group>"; };
		E803C7871CF58E1B001BB402 /* XiaoshuoViewController.h */ = {isa = PBXFileReference; fileEncoding = 4; lastKnownFileType = sourcecode.c.h; path = XiaoshuoViewController.h; sourceTree = "<group>"; };
		E803C7881CF58E1B001BB402 /* XiaoshuoViewController.m */ = {isa = PBXFileReference; fileEncoding = 4; lastKnownFileType = sourcecode.c.objc; path = XiaoshuoViewController.m; sourceTree = "<group>"; };
		E803C78A1CF59003001BB402 /* MainModel.h */ = {isa = PBXFileReference; fileEncoding = 4; lastKnownFileType = sourcecode.c.h; path = MainModel.h; sourceTree = "<group>"; };
		E803C78B1CF59003001BB402 /* MainModel.m */ = {isa = PBXFileReference; fileEncoding = 4; lastKnownFileType = sourcecode.c.objc; path = MainModel.m; sourceTree = "<group>"; };
		E803C78D1CF59077001BB402 /* ToolManager.h */ = {isa = PBXFileReference; fileEncoding = 4; lastKnownFileType = sourcecode.c.h; path = ToolManager.h; sourceTree = "<group>"; };
		E803C78E1CF59077001BB402 /* ToolManager.m */ = {isa = PBXFileReference; fileEncoding = 4; lastKnownFileType = sourcecode.c.objc; path = ToolManager.m; sourceTree = "<group>"; };
		E803C7911CF59262001BB402 /* MASCompositeConstraint.h */ = {isa = PBXFileReference; fileEncoding = 4; lastKnownFileType = sourcecode.c.h; path = MASCompositeConstraint.h; sourceTree = "<group>"; };
		E803C7921CF59262001BB402 /* MASCompositeConstraint.m */ = {isa = PBXFileReference; fileEncoding = 4; lastKnownFileType = sourcecode.c.objc; path = MASCompositeConstraint.m; sourceTree = "<group>"; };
		E803C7931CF59262001BB402 /* MASConstraint+Private.h */ = {isa = PBXFileReference; fileEncoding = 4; lastKnownFileType = sourcecode.c.h; path = "MASConstraint+Private.h"; sourceTree = "<group>"; };
		E803C7941CF59262001BB402 /* MASConstraint.h */ = {isa = PBXFileReference; fileEncoding = 4; lastKnownFileType = sourcecode.c.h; path = MASConstraint.h; sourceTree = "<group>"; };
		E803C7951CF59262001BB402 /* MASConstraint.m */ = {isa = PBXFileReference; fileEncoding = 4; lastKnownFileType = sourcecode.c.objc; path = MASConstraint.m; sourceTree = "<group>"; };
		E803C7961CF59262001BB402 /* MASConstraintMaker.h */ = {isa = PBXFileReference; fileEncoding = 4; lastKnownFileType = sourcecode.c.h; path = MASConstraintMaker.h; sourceTree = "<group>"; };
		E803C7971CF59262001BB402 /* MASConstraintMaker.m */ = {isa = PBXFileReference; fileEncoding = 4; lastKnownFileType = sourcecode.c.objc; path = MASConstraintMaker.m; sourceTree = "<group>"; };
		E803C7981CF59262001BB402 /* MASLayoutConstraint.h */ = {isa = PBXFileReference; fileEncoding = 4; lastKnownFileType = sourcecode.c.h; path = MASLayoutConstraint.h; sourceTree = "<group>"; };
		E803C7991CF59262001BB402 /* MASLayoutConstraint.m */ = {isa = PBXFileReference; fileEncoding = 4; lastKnownFileType = sourcecode.c.objc; path = MASLayoutConstraint.m; sourceTree = "<group>"; };
		E803C79A1CF59262001BB402 /* Masonry.h */ = {isa = PBXFileReference; fileEncoding = 4; lastKnownFileType = sourcecode.c.h; path = Masonry.h; sourceTree = "<group>"; };
		E803C79B1CF59262001BB402 /* MASUtilities.h */ = {isa = PBXFileReference; fileEncoding = 4; lastKnownFileType = sourcecode.c.h; path = MASUtilities.h; sourceTree = "<group>"; };
		E803C79C1CF59262001BB402 /* MASViewAttribute.h */ = {isa = PBXFileReference; fileEncoding = 4; lastKnownFileType = sourcecode.c.h; path = MASViewAttribute.h; sourceTree = "<group>"; };
		E803C79D1CF59262001BB402 /* MASViewAttribute.m */ = {isa = PBXFileReference; fileEncoding = 4; lastKnownFileType = sourcecode.c.objc; path = MASViewAttribute.m; sourceTree = "<group>"; };
		E803C79E1CF59262001BB402 /* MASViewConstraint.h */ = {isa = PBXFileReference; fileEncoding = 4; lastKnownFileType = sourcecode.c.h; path = MASViewConstraint.h; sourceTree = "<group>"; };
		E803C79F1CF59262001BB402 /* MASViewConstraint.m */ = {isa = PBXFileReference; fileEncoding = 4; lastKnownFileType = sourcecode.c.objc; path = MASViewConstraint.m; sourceTree = "<group>"; };
		E803C7A01CF59262001BB402 /* NSArray+MASAdditions.h */ = {isa = PBXFileReference; fileEncoding = 4; lastKnownFileType = sourcecode.c.h; path = "NSArray+MASAdditions.h"; sourceTree = "<group>"; };
		E803C7A11CF59262001BB402 /* NSArray+MASAdditions.m */ = {isa = PBXFileReference; fileEncoding = 4; lastKnownFileType = sourcecode.c.objc; path = "NSArray+MASAdditions.m"; sourceTree = "<group>"; };
		E803C7A21CF59262001BB402 /* NSArray+MASShorthandAdditions.h */ = {isa = PBXFileReference; fileEncoding = 4; lastKnownFileType = sourcecode.c.h; path = "NSArray+MASShorthandAdditions.h"; sourceTree = "<group>"; };
		E803C7A31CF59262001BB402 /* NSLayoutConstraint+MASDebugAdditions.h */ = {isa = PBXFileReference; fileEncoding = 4; lastKnownFileType = sourcecode.c.h; path = "NSLayoutConstraint+MASDebugAdditions.h"; sourceTree = "<group>"; };
		E803C7A41CF59262001BB402 /* NSLayoutConstraint+MASDebugAdditions.m */ = {isa = PBXFileReference; fileEncoding = 4; lastKnownFileType = sourcecode.c.objc; path = "NSLayoutConstraint+MASDebugAdditions.m"; sourceTree = "<group>"; };
		E803C7A51CF59262001BB402 /* View+MASAdditions.h */ = {isa = PBXFileReference; fileEncoding = 4; lastKnownFileType = sourcecode.c.h; path = "View+MASAdditions.h"; sourceTree = "<group>"; };
		E803C7A61CF59262001BB402 /* View+MASAdditions.m */ = {isa = PBXFileReference; fileEncoding = 4; lastKnownFileType = sourcecode.c.objc; path = "View+MASAdditions.m"; sourceTree = "<group>"; };
		E803C7A71CF59262001BB402 /* View+MASShorthandAdditions.h */ = {isa = PBXFileReference; fileEncoding = 4; lastKnownFileType = sourcecode.c.h; path = "View+MASShorthandAdditions.h"; sourceTree = "<group>"; };
		E803C7A81CF59262001BB402 /* ViewController+MASAdditions.h */ = {isa = PBXFileReference; fileEncoding = 4; lastKnownFileType = sourcecode.c.h; path = "ViewController+MASAdditions.h"; sourceTree = "<group>"; };
		E803C7A91CF59262001BB402 /* ViewController+MASAdditions.m */ = {isa = PBXFileReference; fileEncoding = 4; lastKnownFileType = sourcecode.c.objc; path = "ViewController+MASAdditions.m"; sourceTree = "<group>"; };
		E803C7AB1CF59262001BB402 /* MMAlertView.h */ = {isa = PBXFileReference; fileEncoding = 4; lastKnownFileType = sourcecode.c.h; path = MMAlertView.h; sourceTree = "<group>"; };
		E803C7AC1CF59262001BB402 /* MMAlertView.m */ = {isa = PBXFileReference; fileEncoding = 4; lastKnownFileType = sourcecode.c.objc; path = MMAlertView.m; sourceTree = "<group>"; };
		E803C7AF1CF59262001BB402 /* MMPopup.h */ = {isa = PBXFileReference; fileEncoding = 4; lastKnownFileType = sourcecode.c.h; path = MMPopup.h; sourceTree = "<group>"; };
		E803C7B01CF59262001BB402 /* MMPopupCategory.h */ = {isa = PBXFileReference; fileEncoding = 4; lastKnownFileType = sourcecode.c.h; path = MMPopupCategory.h; sourceTree = "<group>"; };
		E803C7B11CF59262001BB402 /* MMPopupCategory.m */ = {isa = PBXFileReference; fileEncoding = 4; lastKnownFileType = sourcecode.c.objc; path = MMPopupCategory.m; sourceTree = "<group>"; };
		E803C7B21CF59262001BB402 /* MMPopupDefine.h */ = {isa = PBXFileReference; fileEncoding = 4; lastKnownFileType = sourcecode.c.h; path = MMPopupDefine.h; sourceTree = "<group>"; };
		E803C7B31CF59262001BB402 /* MMPopupItem.h */ = {isa = PBXFileReference; fileEncoding = 4; lastKnownFileType = sourcecode.c.h; path = MMPopupItem.h; sourceTree = "<group>"; };
		E803C7B41CF59262001BB402 /* MMPopupitem.m */ = {isa = PBXFileReference; fileEncoding = 4; lastKnownFileType = sourcecode.c.objc; path = MMPopupitem.m; sourceTree = "<group>"; };
		E803C7B51CF59262001BB402 /* MMPopupView.h */ = {isa = PBXFileReference; fileEncoding = 4; lastKnownFileType = sourcecode.c.h; path = MMPopupView.h; sourceTree = "<group>"; };
		E803C7B61CF59262001BB402 /* MMPopupView.m */ = {isa = PBXFileReference; fileEncoding = 4; lastKnownFileType = sourcecode.c.objc; path = MMPopupView.m; sourceTree = "<group>"; };
		E803C7B71CF59262001BB402 /* MMPopupWindow.h */ = {isa = PBXFileReference; fileEncoding = 4; lastKnownFileType = sourcecode.c.h; path = MMPopupWindow.h; sourceTree = "<group>"; };
		E803C7B81CF59262001BB402 /* MMPopupWindow.m */ = {isa = PBXFileReference; fileEncoding = 4; lastKnownFileType = sourcecode.c.objc; path = MMPopupWindow.m; sourceTree = "<group>"; };
		E803C7B91CF59262001BB402 /* MMSheetView.h */ = {isa = PBXFileReference; fileEncoding = 4; lastKnownFileType = sourcecode.c.h; path = MMSheetView.h; sourceTree = "<group>"; };
		E803C7BA1CF59262001BB402 /* MMSheetView.m */ = {isa = PBXFileReference; fileEncoding = 4; lastKnownFileType = sourcecode.c.objc; path = MMSheetView.m; sourceTree = "<group>"; };
		E803C7CC1CF59BDD001BB402 /* SecondViewController.h */ = {isa = PBXFileReference; fileEncoding = 4; lastKnownFileType = sourcecode.c.h; path = SecondViewController.h; sourceTree = "<group>"; };
		E803C7CD1CF59BDD001BB402 /* SecondViewController.m */ = {isa = PBXFileReference; fileEncoding = 4; lastKnownFileType = sourcecode.c.objc; path = SecondViewController.m; sourceTree = "<group>"; };
		E803C7CF1CF59C6B001BB402 /* WordModel.h */ = {isa = PBXFileReference; fileEncoding = 4; lastKnownFileType = sourcecode.c.h; path = WordModel.h; sourceTree = "<group>"; };
		E803C7D01CF59C6B001BB402 /* WordModel.m */ = {isa = PBXFileReference; fileEncoding = 4; lastKnownFileType = sourcecode.c.objc; path = WordModel.m; sourceTree = "<group>"; };
		E803C7D21CF5A5D7001BB402 /* ThridViewController.h */ = {isa = PBXFileReference; fileEncoding = 4; lastKnownFileType = sourcecode.c.h; path = ThridViewController.h; sourceTree = "<group>"; };
		E803C7D31CF5A5D7001BB402 /* ThridViewController.m */ = {isa = PBXFileReference; fileEncoding = 4; lastKnownFileType = sourcecode.c.objc; path = ThridViewController.m; sourceTree = "<group>"; };
		E803C7D51CF5AA52001BB402 /* WordClassModel.h */ = {isa = PBXFileReference; fileEncoding = 4; lastKnownFileType = sourcecode.c.h; path = WordClassModel.h; sourceTree = "<group>"; };
		E803C7D61CF5AA52001BB402 /* WordClassModel.m */ = {isa = PBXFileReference; fileEncoding = 4; lastKnownFileType = sourcecode.c.objc; path = WordClassModel.m; sourceTree = "<group>"; };
		E803C7D81CF5ADBB001BB402 /* FourViewController.h */ = {isa = PBXFileReference; fileEncoding = 4; lastKnownFileType = sourcecode.c.h; path = FourViewController.h; sourceTree = "<group>"; };
		E803C7D91CF5ADBB001BB402 /* FourViewController.m */ = {isa = PBXFileReference; fileEncoding = 4; lastKnownFileType = sourcecode.c.objc; path = FourViewController.m; sourceTree = "<group>"; };
/* End PBXFileReference section */

/* Begin PBXFrameworksBuildPhase section */
		E803C7561CF57793001BB402 /* Frameworks */ = {
			isa = PBXFrameworksBuildPhase;
			buildActionMask = 2147483647;
			files = (
				686202C496DA91917D5E6155 /* libPods-XiaoShuoTool.a in Frameworks */,
			);
			runOnlyForDeploymentPostprocessing = 0;
		};
/* End PBXFrameworksBuildPhase section */

/* Begin PBXGroup section */
		8332FC0B2A2460BD29CA29BF /* Frameworks */ = {
			isa = PBXGroup;
			children = (
				D69760388ECFE20A5DD42C8B /* libPods-XiaoShuoTool.a */,
			);
			name = Frameworks;
			sourceTree = "<group>";
		};
		E803C7501CF57793001BB402 = {
			isa = PBXGroup;
			children = (
				E803C75B1CF57793001BB402 /* XiaoShuoTool */,
				E803C75A1CF57793001BB402 /* Products */,
				F82496718C877CAFFDBBDD2C /* Pods */,
				8332FC0B2A2460BD29CA29BF /* Frameworks */,
			);
			sourceTree = "<group>";
		};
		E803C75A1CF57793001BB402 /* Products */ = {
			isa = PBXGroup;
			children = (
				E803C7591CF57793001BB402 /* XiaoShuoTool.app */,
			);
			name = Products;
			sourceTree = "<group>";
		};
		E803C75B1CF57793001BB402 /* XiaoShuoTool */ = {
			isa = PBXGroup;
			children = (
				E803C7901CF59262001BB402 /* Masonry */,
				E803C7AA1CF59262001BB402 /* MMPopupView */,
				E803C7741CF58451001BB402 /* JASidePanels */,
				E803C75F1CF57793001BB402 /* AppDelegate.h */,
				E803C7601CF57793001BB402 /* AppDelegate.m */,
				E803C77B1CF584EC001BB402 /* JADebugViewController.h */,
				E803C77C1CF584EC001BB402 /* JADebugViewController.m */,
				E803C77D1CF584EC001BB402 /* JACenterViewController.h */,
				E803C77E1CF584EC001BB402 /* JACenterViewController.m */,
				E803C7871CF58E1B001BB402 /* XiaoshuoViewController.h */,
				E803C7881CF58E1B001BB402 /* XiaoshuoViewController.m */,
				E803C7CC1CF59BDD001BB402 /* SecondViewController.h */,
				E803C7CD1CF59BDD001BB402 /* SecondViewController.m */,
				E803C7D21CF5A5D7001BB402 /* ThridViewController.h */,
				E803C7D31CF5A5D7001BB402 /* ThridViewController.m */,
				E803C7D81CF5ADBB001BB402 /* FourViewController.h */,
				E803C7D91CF5ADBB001BB402 /* FourViewController.m */,
				E803C77F1CF584EC001BB402 /* JALeftViewController.h */,
				E803C7801CF584EC001BB402 /* JALeftViewController.m */,
				E803C7811CF584EC001BB402 /* JARightViewController.h */,
				E803C7821CF584EC001BB402 /* JARightViewController.m */,
				E803C7651CF57793001BB402 /* Main.storyboard */,
				E803C7681CF57793001BB402 /* Assets.xcassets */,
				E803C76A1CF57793001BB402 /* LaunchScreen.storyboard */,
				E803C76D1CF57793001BB402 /* Info.plist */,
				E803C75C1CF57793001BB402 /* Supporting Files */,
			);
			path = XiaoShuoTool;
			sourceTree = "<group>";
		};
		E803C75C1CF57793001BB402 /* Supporting Files */ = {
			isa = PBXGroup;
			children = (
				E803C75D1CF57793001BB402 /* main.m */,
			);
			name = "Supporting Files";
			sourceTree = "<group>";
		};
		E803C7741CF58451001BB402 /* JASidePanels */ = {
			isa = PBXGroup;
			children = (
				E803C7751CF58451001BB402 /* JASidePanelController.h */,
				E803C7761CF58451001BB402 /* JASidePanelController.m */,
				E803C7771CF58451001BB402 /* UIViewController+JASidePanel.h */,
				E803C7781CF58451001BB402 /* UIViewController+JASidePanel.m */,
				E803C78A1CF59003001BB402 /* MainModel.h */,
				E803C78B1CF59003001BB402 /* MainModel.m */,
				E803C7CF1CF59C6B001BB402 /* WordModel.h */,
				E803C7D01CF59C6B001BB402 /* WordModel.m */,
				E803C7D51CF5AA52001BB402 /* WordClassModel.h */,
				E803C7D61CF5AA52001BB402 /* WordClassModel.m */,
				E803C78D1CF59077001BB402 /* ToolManager.h */,
				E803C78E1CF59077001BB402 /* ToolManager.m */,
			);
			path = JASidePanels;
			sourceTree = "<group>";
		};
		E803C7901CF59262001BB402 /* Masonry */ = {
			isa = PBXGroup;
			children = (
				E803C7911CF59262001BB402 /* MASCompositeConstraint.h */,
				E803C7921CF59262001BB402 /* MASCompositeConstraint.m */,
				E803C7931CF59262001BB402 /* MASConstraint+Private.h */,
				E803C7941CF59262001BB402 /* MASConstraint.h */,
				E803C7951CF59262001BB402 /* MASConstraint.m */,
				E803C7961CF59262001BB402 /* MASConstraintMaker.h */,
				E803C7971CF59262001BB402 /* MASConstraintMaker.m */,
				E803C7981CF59262001BB402 /* MASLayoutConstraint.h */,
				E803C7991CF59262001BB402 /* MASLayoutConstraint.m */,
				E803C79A1CF59262001BB402 /* Masonry.h */,
				E803C79B1CF59262001BB402 /* MASUtilities.h */,
				E803C79C1CF59262001BB402 /* MASViewAttribute.h */,
				E803C79D1CF59262001BB402 /* MASViewAttribute.m */,
				E803C79E1CF59262001BB402 /* MASViewConstraint.h */,
				E803C79F1CF59262001BB402 /* MASViewConstraint.m */,
				E803C7A01CF59262001BB402 /* NSArray+MASAdditions.h */,
				E803C7A11CF59262001BB402 /* NSArray+MASAdditions.m */,
				E803C7A21CF59262001BB402 /* NSArray+MASShorthandAdditions.h */,
				E803C7A31CF59262001BB402 /* NSLayoutConstraint+MASDebugAdditions.h */,
				E803C7A41CF59262001BB402 /* NSLayoutConstraint+MASDebugAdditions.m */,
				E803C7A51CF59262001BB402 /* View+MASAdditions.h */,
				E803C7A61CF59262001BB402 /* View+MASAdditions.m */,
				E803C7A71CF59262001BB402 /* View+MASShorthandAdditions.h */,
				E803C7A81CF59262001BB402 /* ViewController+MASAdditions.h */,
				E803C7A91CF59262001BB402 /* ViewController+MASAdditions.m */,
			);
			path = Masonry;
			sourceTree = "<group>";
		};
		E803C7AA1CF59262001BB402 /* MMPopupView */ = {
			isa = PBXGroup;
			children = (
				E803C7AB1CF59262001BB402 /* MMAlertView.h */,
				E803C7AC1CF59262001BB402 /* MMAlertView.m */,
				E803C7AF1CF59262001BB402 /* MMPopup.h */,
				E803C7B01CF59262001BB402 /* MMPopupCategory.h */,
				E803C7B11CF59262001BB402 /* MMPopupCategory.m */,
				E803C7B21CF59262001BB402 /* MMPopupDefine.h */,
				E803C7B31CF59262001BB402 /* MMPopupItem.h */,
				E803C7B41CF59262001BB402 /* MMPopupitem.m */,
				E803C7B51CF59262001BB402 /* MMPopupView.h */,
				E803C7B61CF59262001BB402 /* MMPopupView.m */,
				E803C7B71CF59262001BB402 /* MMPopupWindow.h */,
				E803C7B81CF59262001BB402 /* MMPopupWindow.m */,
				E803C7B91CF59262001BB402 /* MMSheetView.h */,
				E803C7BA1CF59262001BB402 /* MMSheetView.m */,
			);
			path = MMPopupView;
			sourceTree = "<group>";
		};
		F82496718C877CAFFDBBDD2C /* Pods */ = {
			isa = PBXGroup;
			children = (
				36BF3FD6CB5596B00F42B16D /* Pods-XiaoShuoTool.debug.xcconfig */,
				BDE428C665560CAD0D731550 /* Pods-XiaoShuoTool.release.xcconfig */,
			);
			name = Pods;
			sourceTree = "<group>";
		};
/* End PBXGroup section */

/* Begin PBXNativeTarget section */
		E803C7581CF57793001BB402 /* XiaoShuoTool */ = {
			isa = PBXNativeTarget;
			buildConfigurationList = E803C7701CF57793001BB402 /* Build configuration list for PBXNativeTarget "XiaoShuoTool" */;
			buildPhases = (
				C9FFE857DEF3398544F2B1F4 /* 📦 Check Pods Manifest.lock */,
				E803C7551CF57793001BB402 /* Sources */,
				E803C7561CF57793001BB402 /* Frameworks */,
				E803C7571CF57793001BB402 /* Resources */,
				362106DDA7966B01A16B3CD0 /* 📦 Embed Pods Frameworks */,
				15B4881CF34EBBCB7050EFFB /* 📦 Copy Pods Resources */,
			);
			buildRules = (
			);
			dependencies = (
			);
			name = XiaoShuoTool;
			productName = XiaoShuoTool;
			productReference = E803C7591CF57793001BB402 /* XiaoShuoTool.app */;
			productType = "com.apple.product-type.application";
		};
/* End PBXNativeTarget section */

/* Begin PBXProject section */
		E803C7511CF57793001BB402 /* Project object */ = {
			isa = PBXProject;
			attributes = {
				LastUpgradeCheck = 0730;
				ORGANIZATIONNAME = TheLastCode;
				TargetAttributes = {
					E803C7581CF57793001BB402 = {
						CreatedOnToolsVersion = 7.3.1;
					};
				};
			};
			buildConfigurationList = E803C7541CF57793001BB402 /* Build configuration list for PBXProject "XiaoShuoTool" */;
			compatibilityVersion = "Xcode 3.2";
			developmentRegion = English;
			hasScannedForEncodings = 0;
			knownRegions = (
				en,
				Base,
			);
			mainGroup = E803C7501CF57793001BB402;
			productRefGroup = E803C75A1CF57793001BB402 /* Products */;
			projectDirPath = "";
			projectRoot = "";
			targets = (
				E803C7581CF57793001BB402 /* XiaoShuoTool */,
			);
		};
/* End PBXProject section */

/* Begin PBXResourcesBuildPhase section */
		E803C7571CF57793001BB402 /* Resources */ = {
			isa = PBXResourcesBuildPhase;
			buildActionMask = 2147483647;
			files = (
				E803C76C1CF57793001BB402 /* LaunchScreen.storyboard in Resources */,
				E803C7691CF57793001BB402 /* Assets.xcassets in Resources */,
				E803C7671CF57793001BB402 /* Main.storyboard in Resources */,
			);
			runOnlyForDeploymentPostprocessing = 0;
		};
/* End PBXResourcesBuildPhase section */

/* Begin PBXShellScriptBuildPhase section */
		15B4881CF34EBBCB7050EFFB /* 📦 Copy Pods Resources */ = {
			isa = PBXShellScriptBuildPhase;
			buildActionMask = 2147483647;
			files = (
			);
			inputPaths = (
			);
			name = "📦 Copy Pods Resources";
			outputPaths = (
			);
			runOnlyForDeploymentPostprocessing = 0;
			shellPath = /bin/sh;
			shellScript = "\"${SRCROOT}/Pods/Target Support Files/Pods-XiaoShuoTool/Pods-XiaoShuoTool-resources.sh\"\n";
			showEnvVarsInLog = 0;
		};
		362106DDA7966B01A16B3CD0 /* 📦 Embed Pods Frameworks */ = {
			isa = PBXShellScriptBuildPhase;
			buildActionMask = 2147483647;
			files = (
			);
			inputPaths = (
			);
			name = "📦 Embed Pods Frameworks";
			outputPaths = (
			);
			runOnlyForDeploymentPostprocessing = 0;
			shellPath = /bin/sh;
			shellScript = "\"${SRCROOT}/Pods/Target Support Files/Pods-XiaoShuoTool/Pods-XiaoShuoTool-frameworks.sh\"\n";
			showEnvVarsInLog = 0;
		};
		C9FFE857DEF3398544F2B1F4 /* 📦 Check Pods Manifest.lock */ = {
			isa = PBXShellScriptBuildPhase;
			buildActionMask = 2147483647;
			files = (
			);
			inputPaths = (
			);
			name = "📦 Check Pods Manifest.lock";
			outputPaths = (
			);
			runOnlyForDeploymentPostprocessing = 0;
			shellPath = /bin/sh;
			shellScript = "diff \"${PODS_ROOT}/../Podfile.lock\" \"${PODS_ROOT}/Manifest.lock\" > /dev/null\nif [[ $? != 0 ]] ; then\n    cat << EOM\nerror: The sandbox is not in sync with the Podfile.lock. Run 'pod install' or update your CocoaPods installation.\nEOM\n    exit 1\nfi\n";
			showEnvVarsInLog = 0;
		};
/* End PBXShellScriptBuildPhase section */

/* Begin PBXSourcesBuildPhase section */
		E803C7551CF57793001BB402 /* Sources */ = {
			isa = PBXSourcesBuildPhase;
			buildActionMask = 2147483647;
			files = (
				E803C7D41CF5A5D7001BB402 /* ThridViewController.m in Sources */,
				E803C7891CF58E1B001BB402 /* XiaoshuoViewController.m in Sources */,
				E803C7C51CF59262001BB402 /* MMAlertView.m in Sources */,
				E803C7C81CF59262001BB402 /* MMPopupitem.m in Sources */,
				E803C78F1CF59077001BB402 /* ToolManager.m in Sources */,
				E803C77A1CF58451001BB402 /* UIViewController+JASidePanel.m in Sources */,
				E803C7C91CF59262001BB402 /* MMPopupView.m in Sources */,
				E803C78C1CF59003001BB402 /* MainModel.m in Sources */,
				E803C7BB1CF59262001BB402 /* MASCompositeConstraint.m in Sources */,
				E803C7D71CF5AA52001BB402 /* WordClassModel.m in Sources */,
				E803C7DA1CF5ADBB001BB402 /* FourViewController.m in Sources */,
				E803C7D11CF59C6B001BB402 /* WordModel.m in Sources */,
				E803C7CA1CF59262001BB402 /* MMPopupWindow.m in Sources */,
				E803C7611CF57793001BB402 /* AppDelegate.m in Sources */,
				E803C7C01CF59262001BB402 /* MASViewConstraint.m in Sources */,
				E803C7831CF584EC001BB402 /* JADebugViewController.m in Sources */,
				E803C7C31CF59262001BB402 /* View+MASAdditions.m in Sources */,
				E803C7C21CF59262001BB402 /* NSLayoutConstraint+MASDebugAdditions.m in Sources */,
				E803C7BE1CF59262001BB402 /* MASLayoutConstraint.m in Sources */,
				E803C7C41CF59262001BB402 /* ViewController+MASAdditions.m in Sources */,
				E803C7BD1CF59262001BB402 /* MASConstraintMaker.m in Sources */,
				E803C7841CF584EC001BB402 /* JACenterViewController.m in Sources */,
				E803C7C71CF59262001BB402 /* MMPopupCategory.m in Sources */,
				E803C7791CF58451001BB402 /* JASidePanelController.m in Sources */,
				E803C7851CF584EC001BB402 /* JALeftViewController.m in Sources */,
				E803C7CB1CF59262001BB402 /* MMSheetView.m in Sources */,
				E803C75E1CF57793001BB402 /* main.m in Sources */,
				E803C7C11CF59262001BB402 /* NSArray+MASAdditions.m in Sources */,
				E803C7CE1CF59BDD001BB402 /* SecondViewController.m in Sources */,
				E803C7BF1CF59262001BB402 /* MASViewAttribute.m in Sources */,
				E803C7861CF584EC001BB402 /* JARightViewController.m in Sources */,
				E803C7BC1CF59262001BB402 /* MASConstraint.m in Sources */,
			);
			runOnlyForDeploymentPostprocessing = 0;
		};
/* End PBXSourcesBuildPhase section */

/* Begin PBXVariantGroup section */
		E803C7651CF57793001BB402 /* Main.storyboard */ = {
			isa = PBXVariantGroup;
			children = (
				E803C7661CF57793001BB402 /* Base */,
			);
			name = Main.storyboard;
			sourceTree = "<group>";
		};
		E803C76A1CF57793001BB402 /* LaunchScreen.storyboard */ = {
			isa = PBXVariantGroup;
			children = (
				E803C76B1CF57793001BB402 /* Base */,
			);
			name = LaunchScreen.storyboard;
			sourceTree = "<group>";
		};
/* End PBXVariantGroup section */

/* Begin XCBuildConfiguration section */
		E803C76E1CF57793001BB402 /* Debug */ = {
			isa = XCBuildConfiguration;
			buildSettings = {
				ALWAYS_SEARCH_USER_PATHS = NO;
				CLANG_ANALYZER_NONNULL = YES;
				CLANG_CXX_LANGUAGE_STANDARD = "gnu++0x";
				CLANG_CXX_LIBRARY = "libc++";
				CLANG_ENABLE_MODULES = YES;
				CLANG_ENABLE_OBJC_ARC = YES;
				CLANG_WARN_BOOL_CONVERSION = YES;
				CLANG_WARN_CONSTANT_CONVERSION = YES;
				CLANG_WARN_DIRECT_OBJC_ISA_USAGE = YES_ERROR;
				CLANG_WARN_EMPTY_BODY = YES;
				CLANG_WARN_ENUM_CONVERSION = YES;
				CLANG_WARN_INT_CONVERSION = YES;
				CLANG_WARN_OBJC_ROOT_CLASS = YES_ERROR;
				CLANG_WARN_UNREACHABLE_CODE = YES;
				CLANG_WARN__DUPLICATE_METHOD_MATCH = YES;
				"CODE_SIGN_IDENTITY[sdk=iphoneos*]" = "iPhone Developer";
				COPY_PHASE_STRIP = NO;
				DEBUG_INFORMATION_FORMAT = dwarf;
				ENABLE_STRICT_OBJC_MSGSEND = YES;
				ENABLE_TESTABILITY = YES;
				GCC_C_LANGUAGE_STANDARD = gnu99;
				GCC_DYNAMIC_NO_PIC = NO;
				GCC_NO_COMMON_BLOCKS = YES;
				GCC_OPTIMIZATION_LEVEL = 0;
				GCC_PREPROCESSOR_DEFINITIONS = (
					"DEBUG=1",
					"$(inherited)",
				);
				GCC_WARN_64_TO_32_BIT_CONVERSION = YES;
				GCC_WARN_ABOUT_RETURN_TYPE = YES_ERROR;
				GCC_WARN_UNDECLARED_SELECTOR = YES;
				GCC_WARN_UNINITIALIZED_AUTOS = YES_AGGRESSIVE;
				GCC_WARN_UNUSED_FUNCTION = YES;
				GCC_WARN_UNUSED_VARIABLE = YES;
				IPHONEOS_DEPLOYMENT_TARGET = 9.3;
				MTL_ENABLE_DEBUG_INFO = YES;
				ONLY_ACTIVE_ARCH = YES;
				SDKROOT = iphoneos;
			};
			name = Debug;
		};
		E803C76F1CF57793001BB402 /* Release */ = {
			isa = XCBuildConfiguration;
			buildSettings = {
				ALWAYS_SEARCH_USER_PATHS = NO;
				CLANG_ANALYZER_NONNULL = YES;
				CLANG_CXX_LANGUAGE_STANDARD = "gnu++0x";
				CLANG_CXX_LIBRARY = "libc++";
				CLANG_ENABLE_MODULES = YES;
				CLANG_ENABLE_OBJC_ARC = YES;
				CLANG_WARN_BOOL_CONVERSION = YES;
				CLANG_WARN_CONSTANT_CONVERSION = YES;
				CLANG_WARN_DIRECT_OBJC_ISA_USAGE = YES_ERROR;
				CLANG_WARN_EMPTY_BODY = YES;
				CLANG_WARN_ENUM_CONVERSION = YES;
				CLANG_WARN_INT_CONVERSION = YES;
				CLANG_WARN_OBJC_ROOT_CLASS = YES_ERROR;
				CLANG_WARN_UNREACHABLE_CODE = YES;
				CLANG_WARN__DUPLICATE_METHOD_MATCH = YES;
				"CODE_SIGN_IDENTITY[sdk=iphoneos*]" = "iPhone Developer";
				COPY_PHASE_STRIP = NO;
				DEBUG_INFORMATION_FORMAT = "dwarf-with-dsym";
				ENABLE_NS_ASSERTIONS = NO;
				ENABLE_STRICT_OBJC_MSGSEND = YES;
				GCC_C_LANGUAGE_STANDARD = gnu99;
				GCC_NO_COMMON_BLOCKS = YES;
				GCC_WARN_64_TO_32_BIT_CONVERSION = YES;
				GCC_WARN_ABOUT_RETURN_TYPE = YES_ERROR;
				GCC_WARN_UNDECLARED_SELECTOR = YES;
				GCC_WARN_UNINITIALIZED_AUTOS = YES_AGGRESSIVE;
				GCC_WARN_UNUSED_FUNCTION = YES;
				GCC_WARN_UNUSED_VARIABLE = YES;
				IPHONEOS_DEPLOYMENT_TARGET = 9.3;
				MTL_ENABLE_DEBUG_INFO = NO;
				SDKROOT = iphoneos;
				VALIDATE_PRODUCT = YES;
			};
			name = Release;
		};
		E803C7711CF57793001BB402 /* Debug */ = {
			isa = XCBuildConfiguration;
			baseConfigurationReference = 36BF3FD6CB5596B00F42B16D /* Pods-XiaoShuoTool.debug.xcconfig */;
			buildSettings = {
				ASSETCATALOG_COMPILER_APPICON_NAME = AppIcon;
				CODE_SIGN_IDENTITY = "iPhone Developer";
				INFOPLIST_FILE = XiaoShuoTool/Info.plist;
				IPHONEOS_DEPLOYMENT_TARGET = 7.0;
				LD_RUNPATH_SEARCH_PATHS = "$(inherited) @executable_path/Frameworks";
				PRODUCT_BUNDLE_IDENTIFIER = com.test.XiaoShuoTool;
				PRODUCT_NAME = "$(TARGET_NAME)";
			};
			name = Debug;
		};
		E803C7721CF57793001BB402 /* Release */ = {
			isa = XCBuildConfiguration;
			baseConfigurationReference = BDE428C665560CAD0D731550 /* Pods-XiaoShuoTool.release.xcconfig */;
			buildSettings = {
				ASSETCATALOG_COMPILER_APPICON_NAME = AppIcon;
				CODE_SIGN_IDENTITY = "iPhone Developer";
				INFOPLIST_FILE = XiaoShuoTool/Info.plist;
				IPHONEOS_DEPLOYMENT_TARGET = 7.0;
				LD_RUNPATH_SEARCH_PATHS = "$(inherited) @executable_path/Frameworks";
				PRODUCT_BUNDLE_IDENTIFIER = com.test.XiaoShuoTool;
				PRODUCT_NAME = "$(TARGET_NAME)";
			};
			name = Release;
		};
/* End XCBuildConfiguration section */

/* Begin XCConfigurationList section */
		E803C7541CF57793001BB402 /* Build configuration list for PBXProject "XiaoShuoTool" */ = {
			isa = XCConfigurationList;
			buildConfigurations = (
				E803C76E1CF57793001BB402 /* Debug */,
				E803C76F1CF57793001BB402 /* Release */,
			);
			defaultConfigurationIsVisible = 0;
			defaultConfigurationName = Release;
		};
		E803C7701CF57793001BB402 /* Build configuration list for PBXNativeTarget "XiaoShuoTool" */ = {
			isa = XCConfigurationList;
			buildConfigurations = (
				E803C7711CF57793001BB402 /* Debug */,
				E803C7721CF57793001BB402 /* Release */,
			);
			defaultConfigurationIsVisible = 0;
			defaultConfigurationName = Release;
		};
/* End XCConfigurationList section */
	};
	rootObject = E803C7511CF57793001BB402 /* Project object */;
}
